
Microsoft Visual Studio Solution File, Format Version 12.00
# Visual Studio Version 17
VisualStudioVersion = 17.8.34511.84
MinimumVisualStudioVersion = 10.0.40219.1
Project("{FAE04EC0-301F-11D3-BF4B-00C04F79EFBC}") = "TodoApi", "TodoApi\TodoApi.csproj", "{6EF2B0E7-34F5-400F-A52E-3D8B6EFEDF9A}"
EndProject
Global
	GlobalSection(SolutionConfigurationPlatforms) = preSolution
		Debug|Any CPU = Debug|Any CPU
		Release|Any CPU = Release|Any CPU
	EndGlobalSection
	GlobalSection(ProjectConfigurationPlatforms) = postSolution
		{6EF2B0E7-34F5-400F-A52E-3D8B6EFEDF9A}.Debug|Any CPU.ActiveCfg = Debug|Any CPU
		{6EF2B0E7-34F5-400F-A52E-3D8B6EFEDF9A}.Debug|Any CPU.Build.0 = Debug|Any CPU
		{6EF2B0E7-34F5-400F-A52E-3D8B6EFEDF9A}.Release|Any CPU.ActiveCfg = Release|Any CPU
		{6EF2B0E7-34F5-400F-A52E-3D8B6EFEDF9A}.Release|Any CPU.Build.0 = Release|Any CPU
	EndGlobalSection
	GlobalSection(SolutionProperties) = preSolution
		HideSolutionNode = FALSE
	EndGlobalSection
	GlobalSection(ExtensibilityGlobals) = postSolution
		SolutionGuid = {31E3DA12-9799-47EA-B52D-65A2173F608E}
	EndGlobalSection
EndGlobal
